<?xml version="1.0" encoding="utf-8"?>
<Project ToolsVersion="4.0" xmlns="http://schemas.microsoft.com/developer/msbuild/2003">
  <ItemGroup>
    <ClInclude Include="renderer.h">
      <Filter>Raytracer\Renderer</Filter>
    </ClInclude>
    <ClInclude Include="camera.h">
      <Filter>Raytracer\Camera</Filter>
    </ClInclude>
    <ClInclude Include="film.h">
      <Filter>Raytracer\Surface</Filter>
    </ClInclude>
    <ClInclude Include="surface.h">
      <Filter>Raytracer\Surface</Filter>
    </ClInclude>
    <ClInclude Include="scene.h">
      <Filter>Raytracer\Scene</Filter>
    </ClInclude>
    <ClInclude Include="types.h">
      <Filter>Raytracer</Filter>
    </ClInclude>
    <ClInclude Include="config.h">
      <Filter>Raytracer</Filter>
    </ClInclude>
    <ClInclude Include="resource_manager.h">
      <Filter>Raytracer\Resource</Filter>
    </ClInclude>
    <ClInclude Include="accelerator.h">
      <Filter>Raytracer\Accelerators</Filter>
    </ClInclude>
    <ClInclude Include="shape.h">
      <Filter>Raytracer\Shape</Filter>
    </ClInclude>
    <ClInclude Include="material.h">
      <Filter>Raytracer\Material</Filter>
    </ClInclude>
    <ClInclude Include="bsdf.h">
      <Filter>Raytracer\Material</Filter>
    </ClInclude>
    <ClInclude Include="path.h">
      <Filter>Raytracer\Renderer</Filter>
    </ClInclude>
  </ItemGroup>
  <ItemGroup>
    <ClCompile Include="renderer.cpp">
      <Filter>Raytracer\Renderer</Filter>
    </ClCompile>
    <ClCompile Include="camera.cpp">
      <Filter>Raytracer\Camera</Filter>
    </ClCompile>
    <ClCompile Include="film.cpp">
      <Filter>Raytracer\Surface</Filter>
    </ClCompile>
    <ClCompile Include="surface.cpp">
      <Filter>Raytracer\Surface</Filter>
    </ClCompile>
    <ClCompile Include="scene.cpp">
      <Filter>Raytracer\Scene</Filter>
    </ClCompile>
    <ClCompile Include="kdtree.cpp">
      <Filter>Raytracer\Accelerators</Filter>
    </ClCompile>
    <ClCompile Include="resource_manager.cpp">
      <Filter>Raytracer\Resource</Filter>
    </ClCompile>
    <ClCompile Include="murmurhash2.cpp">
      <Filter>Utility</Filter>
    </ClCompile>
    <ClCompile Include="shape.cpp">
      <Filter>Raytracer\Shape</Filter>
    </ClCompile>
    <ClCompile Include="bsdf.cpp">
      <Filter>Raytracer\Material</Filter>
    </ClCompile>
    <ClCompile Include="path.cpp">
      <Filter>Raytracer\Renderer</Filter>
    </ClCompile>
    <ClCompile Include="material.cpp">
      <Filter>Raytracer\Material</Filter>
    </ClCompile>
  </ItemGroup>
  <ItemGroup>
    <Filter Include="Utility">
      <UniqueIdentifier>{b7bef174-660c-4e59-aa12-a9389b7e5811}</UniqueIdentifier>
    </Filter>
    <Filter Include="Raytracer">
      <UniqueIdentifier>{d1e692f3-a784-4103-9874-bc17b39b6a80}</UniqueIdentifier>
    </Filter>
    <Filter Include="Raytracer\Renderer">
      <UniqueIdentifier>{6f505a21-94fe-4356-b8b1-683c48b4016d}</UniqueIdentifier>
    </Filter>
    <Filter Include="Raytracer\Camera">
      <UniqueIdentifier>{444360cb-a7ad-4e72-b725-487023ec3862}</UniqueIdentifier>
    </Filter>
    <Filter Include="Raytracer\Surface">
      <UniqueIdentifier>{665e7c8c-1826-45bc-9201-0e8c1f58527f}</UniqueIdentifier>
    </Filter>
    <Filter Include="Raytracer\Accelerators">
      <UniqueIdentifier>{0ef2e6ba-fe52-4404-9060-fb50d15a2884}</UniqueIdentifier>
    </Filter>
    <Filter Include="Raytracer\Scene">
      <UniqueIdentifier>{5ba28398-b473-4fb6-9650-6e66d93001fd}</UniqueIdentifier>
    </Filter>
    <Filter Include="Raytracer\Resource">
      <UniqueIdentifier>{2ff4b4d8-a3cc-4459-ab50-92010e317650}</UniqueIdentifier>
    </Filter>
    <Filter Include="Raytracer\Shape">
      <UniqueIdentifier>{a33e2e77-5870-4008-9d92-d87758bf2293}</UniqueIdentifier>
    </Filter>
    <Filter Include="Raytracer\Material">
      <UniqueIdentifier>{04343d60-3bb8-4455-8de2-babb2fb742da}</UniqueIdentifier>
    </Filter>
  </ItemGroup>
</Project>